
Microsoft Visual Studio Solution File, Format Version 12.00
# Visual Studio 15
VisualStudioVersion = 15.0.28307.902
MinimumVisualStudioVersion = 10.0.40219.1
Project("{FAE04EC0-301F-11D3-BF4B-00C04F79EFBC}") = "GBTMembershipSolution", "Client\GBTMembershipSolution.csproj", "{316E7A84-2805-4E73-9A29-C15030CA0864}"
EndProject
Project("{FAE04EC0-301F-11D3-BF4B-00C04F79EFBC}") = "GBTDataAccessLayer", "GBTDataAccessLayer\GBTDataAccessLayer.csproj", "{BE96C894-AE84-4EDC-A282-05D521DCB609}"
EndProject
Project("{FAE04EC0-301F-11D3-BF4B-00C04F79EFBC}") = "GBTBusinessLayer", "GBTBusinessLayer\GBTBusinessLayer.csproj", "{AD5E7CEF-CB10-4F1A-BFCE-096861BC01FB}"
EndProject
Project("{FAE04EC0-301F-11D3-BF4B-00C04F79EFBC}") = "GBTDataModel", "GBTDataModel\GBTDataModel.csproj", "{4A728BFF-9C16-404B-A3D9-768CEA50364A}"
EndProject
Project("{FAE04EC0-301F-11D3-BF4B-00C04F79EFBC}") = "Utitlities", "Utitlities\Utitlities.csproj", "{D0EB152C-E4E3-4C3B-BB79-6F7BAB41EDE9}"
EndProject
Project("{2150E333-8FDC-42A3-9474-1A3956D46DE8}") = "SSO", "SSO", "{79841A84-0F8B-4BA0-86F2-625A029A26D1}"
EndProject
Project("{FAE04EC0-301F-11D3-BF4B-00C04F79EFBC}") = "SSO.BusinessLayer", "SSO\SSO\SSO.BusinessLayer\SSO.BusinessLayer.csproj", "{C8D59000-1522-43F0-A162-6D247D700FCE}"
EndProject
Project("{FAE04EC0-301F-11D3-BF4B-00C04F79EFBC}") = "SSO.Model", "SSO\SSO\SSO.Model\SSO.Model.csproj", "{3F26D76D-8DD6-458F-A41A-3AD8ACAB5412}"
EndProject
Project("{FAE04EC0-301F-11D3-BF4B-00C04F79EFBC}") = "SSO.Util", "SSO\SSO\SSO.Util\SSO.Util.csproj", "{66D3FDFF-82DA-42EA-BF76-78AA9BB4D407}"
EndProject
Project("{00D1A9C2-B5F0-4AF3-8072-F6C62B433612}") = "SSOSQL", "SSO\SSO\SSOSQL\SSOSQL.sqlproj", "{D1077C06-1887-4D5A-B549-B7D9ED665989}"
EndProject
Project("{FAE04EC0-301F-11D3-BF4B-00C04F79EFBC}") = "SSO.Api", "SSO\SSO\SSO.Api\SSO.Api.csproj", "{9BBFFA69-73FE-4BF2-854F-112EB8933742}"
EndProject
Global
	GlobalSection(SolutionConfigurationPlatforms) = preSolution
		Debug|Any CPU = Debug|Any CPU
		Release|Any CPU = Release|Any CPU
	EndGlobalSection
	GlobalSection(ProjectConfigurationPlatforms) = postSolution
		{316E7A84-2805-4E73-9A29-C15030CA0864}.Debug|Any CPU.ActiveCfg = Debug|Any CPU
		{316E7A84-2805-4E73-9A29-C15030CA0864}.Debug|Any CPU.Build.0 = Debug|Any CPU
		{316E7A84-2805-4E73-9A29-C15030CA0864}.Release|Any CPU.ActiveCfg = Release|Any CPU
		{316E7A84-2805-4E73-9A29-C15030CA0864}.Release|Any CPU.Build.0 = Release|Any CPU
		{BE96C894-AE84-4EDC-A282-05D521DCB609}.Debug|Any CPU.ActiveCfg = Debug|Any CPU
		{BE96C894-AE84-4EDC-A282-05D521DCB609}.Debug|Any CPU.Build.0 = Debug|Any CPU
		{BE96C894-AE84-4EDC-A282-05D521DCB609}.Release|Any CPU.ActiveCfg = Release|Any CPU
		{BE96C894-AE84-4EDC-A282-05D521DCB609}.Release|Any CPU.Build.0 = Release|Any CPU
		{AD5E7CEF-CB10-4F1A-BFCE-096861BC01FB}.Debug|Any CPU.ActiveCfg = Debug|Any CPU
		{AD5E7CEF-CB10-4F1A-BFCE-096861BC01FB}.Debug|Any CPU.Build.0 = Debug|Any CPU
		{AD5E7CEF-CB10-4F1A-BFCE-096861BC01FB}.Release|Any CPU.ActiveCfg = Release|Any CPU
		{AD5E7CEF-CB10-4F1A-BFCE-096861BC01FB}.Release|Any CPU.Build.0 = Release|Any CPU
		{4A728BFF-9C16-404B-A3D9-768CEA50364A}.Debug|Any CPU.ActiveCfg = Debug|Any CPU
		{4A728BFF-9C16-404B-A3D9-768CEA50364A}.Debug|Any CPU.Build.0 = Debug|Any CPU
		{4A728BFF-9C16-404B-A3D9-768CEA50364A}.Release|Any CPU.ActiveCfg = Release|Any CPU
		{4A728BFF-9C16-404B-A3D9-768CEA50364A}.Release|Any CPU.Build.0 = Release|Any CPU
		{D0EB152C-E4E3-4C3B-BB79-6F7BAB41EDE9}.Debug|Any CPU.ActiveCfg = Debug|Any CPU
		{D0EB152C-E4E3-4C3B-BB79-6F7BAB41EDE9}.Debug|Any CPU.Build.0 = Debug|Any CPU
		{D0EB152C-E4E3-4C3B-BB79-6F7BAB41EDE9}.Release|Any CPU.ActiveCfg = Release|Any CPU
		{D0EB152C-E4E3-4C3B-BB79-6F7BAB41EDE9}.Release|Any CPU.Build.0 = Release|Any CPU
		{C8D59000-1522-43F0-A162-6D247D700FCE}.Debug|Any CPU.ActiveCfg = Debug|Any CPU
		{C8D59000-1522-43F0-A162-6D247D700FCE}.Debug|Any CPU.Build.0 = Debug|Any CPU
		{C8D59000-1522-43F0-A162-6D247D700FCE}.Release|Any CPU.ActiveCfg = Release|Any CPU
		{C8D59000-1522-43F0-A162-6D247D700FCE}.Release|Any CPU.Build.0 = Release|Any CPU
		{3F26D76D-8DD6-458F-A41A-3AD8ACAB5412}.Debug|Any CPU.ActiveCfg = Debug|Any CPU
		{3F26D76D-8DD6-458F-A41A-3AD8ACAB5412}.Debug|Any CPU.Build.0 = Debug|Any CPU
		{3F26D76D-8DD6-458F-A41A-3AD8ACAB5412}.Release|Any CPU.ActiveCfg = Release|Any CPU
		{3F26D76D-8DD6-458F-A41A-3AD8ACAB5412}.Release|Any CPU.Build.0 = Release|Any CPU
		{66D3FDFF-82DA-42EA-BF76-78AA9BB4D407}.Debug|Any CPU.ActiveCfg = Debug|Any CPU
		{66D3FDFF-82DA-42EA-BF76-78AA9BB4D407}.Debug|Any CPU.Build.0 = Debug|Any CPU
		{66D3FDFF-82DA-42EA-BF76-78AA9BB4D407}.Release|Any CPU.ActiveCfg = Release|Any CPU
		{66D3FDFF-82DA-42EA-BF76-78AA9BB4D407}.Release|Any CPU.Build.0 = Release|Any CPU
		{D1077C06-1887-4D5A-B549-B7D9ED665989}.Debug|Any CPU.ActiveCfg = Debug|Any CPU
		{D1077C06-1887-4D5A-B549-B7D9ED665989}.Debug|Any CPU.Build.0 = Debug|Any CPU
		{D1077C06-1887-4D5A-B549-B7D9ED665989}.Debug|Any CPU.Deploy.0 = Debug|Any CPU
		{D1077C06-1887-4D5A-B549-B7D9ED665989}.Release|Any CPU.ActiveCfg = Release|Any CPU
		{D1077C06-1887-4D5A-B549-B7D9ED665989}.Release|Any CPU.Build.0 = Release|Any CPU
		{D1077C06-1887-4D5A-B549-B7D9ED665989}.Release|Any CPU.Deploy.0 = Release|Any CPU
		{9BBFFA69-73FE-4BF2-854F-112EB8933742}.Debug|Any CPU.ActiveCfg = Debug|Any CPU
		{9BBFFA69-73FE-4BF2-854F-112EB8933742}.Debug|Any CPU.Build.0 = Debug|Any CPU
		{9BBFFA69-73FE-4BF2-854F-112EB8933742}.Release|Any CPU.ActiveCfg = Release|Any CPU
		{9BBFFA69-73FE-4BF2-854F-112EB8933742}.Release|Any CPU.Build.0 = Release|Any CPU
	EndGlobalSection
	GlobalSection(SolutionProperties) = preSolution
		HideSolutionNode = FALSE
	EndGlobalSection
	GlobalSection(NestedProjects) = preSolution
		{C8D59000-1522-43F0-A162-6D247D700FCE} = {79841A84-0F8B-4BA0-86F2-625A029A26D1}
		{3F26D76D-8DD6-458F-A41A-3AD8ACAB5412} = {79841A84-0F8B-4BA0-86F2-625A029A26D1}
		{66D3FDFF-82DA-42EA-BF76-78AA9BB4D407} = {79841A84-0F8B-4BA0-86F2-625A029A26D1}
		{D1077C06-1887-4D5A-B549-B7D9ED665989} = {79841A84-0F8B-4BA0-86F2-625A029A26D1}
		{9BBFFA69-73FE-4BF2-854F-112EB8933742} = {79841A84-0F8B-4BA0-86F2-625A029A26D1}
	EndGlobalSection
	GlobalSection(ExtensibilityGlobals) = postSolution
		SolutionGuid = {1CB2FC0F-B419-4FC4-9C20-DDC528566F23}
	EndGlobalSection
EndGlobal
